
Microsoft Visual Studio Solution File, Format Version 12.00
# Visual Studio Version 17
VisualStudioVersion = 17.5.33424.131
MinimumVisualStudioVersion = 10.0.40219.1
Project("{9A19103F-16F7-4668-BE54-9A1E7A4F7556}") = "EmployeePayRollService", "EmployeePayRollService.csproj", "{A81ECFD0-DE91-429B-B485-1B16CAADDCE5}"
EndProject
Project("{FAE04EC0-301F-11D3-BF4B-00C04F79EFBC}") = "EmployeePayRollTest", "..\EmployeePayRollTest\EmployeePayRollTest.csproj", "{07C5ABC8-9CBD-4FEE-BBC9-72A3FD748512}"
EndProject
Global
	GlobalSection(SolutionConfigurationPlatforms) = preSolution
		Debug|Any CPU = Debug|Any CPU
		Release|Any CPU = Release|Any CPU
	EndGlobalSection
	GlobalSection(ProjectConfigurationPlatforms) = postSolution
		{A81ECFD0-DE91-429B-B485-1B16CAADDCE5}.Debug|Any CPU.ActiveCfg = Debug|Any CPU
		{A81ECFD0-DE91-429B-B485-1B16CAADDCE5}.Debug|Any CPU.Build.0 = Debug|Any CPU
		{A81ECFD0-DE91-429B-B485-1B16CAADDCE5}.Release|Any CPU.ActiveCfg = Release|Any CPU
		{A81ECFD0-DE91-429B-B485-1B16CAADDCE5}.Release|Any CPU.Build.0 = Release|Any CPU
		{07C5ABC8-9CBD-4FEE-BBC9-72A3FD748512}.Debug|Any CPU.ActiveCfg = Debug|Any CPU
		{07C5ABC8-9CBD-4FEE-BBC9-72A3FD748512}.Debug|Any CPU.Build.0 = Debug|Any CPU
		{07C5ABC8-9CBD-4FEE-BBC9-72A3FD748512}.Release|Any CPU.ActiveCfg = Release|Any CPU
		{07C5ABC8-9CBD-4FEE-BBC9-72A3FD748512}.Release|Any CPU.Build.0 = Release|Any CPU
	EndGlobalSection
	GlobalSection(SolutionProperties) = preSolution
		HideSolutionNode = FALSE
	EndGlobalSection
	GlobalSection(ExtensibilityGlobals) = postSolution
		SolutionGuid = {A82413AA-8EE8-4238-BADB-7C49D0A30B4E}
	EndGlobalSection
EndGlobal
